
Microsoft Visual Studio Solution File, Format Version 12.00
# Visual Studio Version 17
VisualStudioVersion = 17.0.32014.148
MinimumVisualStudioVersion = 10.0.40219.1
Project("{2150E333-8FDC-42A3-9474-1A3956D46DE8}") = "src", "src", "{E166A024-63FC-40A3-93C9-09EE44E0B747}"
EndProject
Project("{FAE04EC0-301F-11D3-BF4B-00C04F79EFBC}") = "Mhd.Framework.Ioc", "src\Mhd.Framework.Ioc\Mhd.Framework.Ioc.csproj", "{FB2A916B-04E1-4C37-BC01-D2035ADC0427}"
EndProject
Global
	GlobalSection(SolutionConfigurationPlatforms) = preSolution
		Debug|Any CPU = Debug|Any CPU
		Release|Any CPU = Release|Any CPU
	EndGlobalSection
	GlobalSection(ProjectConfigurationPlatforms) = postSolution
		{FB2A916B-04E1-4C37-BC01-D2035ADC0427}.Debug|Any CPU.ActiveCfg = Debug|Any CPU
		{FB2A916B-04E1-4C37-BC01-D2035ADC0427}.Debug|Any CPU.Build.0 = Debug|Any CPU
		{FB2A916B-04E1-4C37-BC01-D2035ADC0427}.Release|Any CPU.ActiveCfg = Release|Any CPU
		{FB2A916B-04E1-4C37-BC01-D2035ADC0427}.Release|Any CPU.Build.0 = Release|Any CPU
	EndGlobalSection
	GlobalSection(SolutionProperties) = preSolution
		HideSolutionNode = FALSE
	EndGlobalSection
	GlobalSection(NestedProjects) = preSolution
		{FB2A916B-04E1-4C37-BC01-D2035ADC0427} = {E166A024-63FC-40A3-93C9-09EE44E0B747}
	EndGlobalSection
	GlobalSection(ExtensibilityGlobals) = postSolution
		SolutionGuid = {8F1B898D-FDFE-4F81-AB40-71726A0FB678}
	EndGlobalSection
EndGlobal
